
Microsoft Visual Studio Solution File, Format Version 12.00
# Visual Studio 15
VisualStudioVersion = 15.0.28307.102
MinimumVisualStudioVersion = 10.0.40219.1
Project("{FAE04EC0-301F-11D3-BF4B-00C04F79EFBC}") = "Epam.Task2.AvarageStringLength1.11", "Epam.Task2.AvarageStringLength1.11.csproj", "{5DCFD431-2835-4510-A947-151957EA8D34}"
EndProject
Global
	GlobalSection(SolutionConfigurationPlatforms) = preSolution
		Debug|Any CPU = Debug|Any CPU
		Release|Any CPU = Release|Any CPU
	EndGlobalSection
	GlobalSection(ProjectConfigurationPlatforms) = postSolution
		{5DCFD431-2835-4510-A947-151957EA8D34}.Debug|Any CPU.ActiveCfg = Debug|Any CPU
		{5DCFD431-2835-4510-A947-151957EA8D34}.Debug|Any CPU.Build.0 = Debug|Any CPU
		{5DCFD431-2835-4510-A947-151957EA8D34}.Release|Any CPU.ActiveCfg = Release|Any CPU
		{5DCFD431-2835-4510-A947-151957EA8D34}.Release|Any CPU.Build.0 = Release|Any CPU
	EndGlobalSection
	GlobalSection(SolutionProperties) = preSolution
		HideSolutionNode = FALSE
	EndGlobalSection
	GlobalSection(ExtensibilityGlobals) = postSolution
		SolutionGuid = {57F8D52A-1D6D-4F35-8BE7-19EE286792C3}
	EndGlobalSection
EndGlobal
