
Microsoft Visual Studio Solution File, Format Version 12.00
# Visual Studio 15
VisualStudioVersion = 15.0.28307.102
MinimumVisualStudioVersion = 10.0.40219.1
Project("{FAE04EC0-301F-11D3-BF4B-00C04F79EFBC}") = "Epam.Task2.X-mas1.4", "Epam.Task2.X-mas1.4.csproj", "{20072B14-4BA5-49EF-B534-FA5E385610A8}"
EndProject
Global
	GlobalSection(SolutionConfigurationPlatforms) = preSolution
		Debug|Any CPU = Debug|Any CPU
		Release|Any CPU = Release|Any CPU
	EndGlobalSection
	GlobalSection(ProjectConfigurationPlatforms) = postSolution
		{20072B14-4BA5-49EF-B534-FA5E385610A8}.Debug|Any CPU.ActiveCfg = Debug|Any CPU
		{20072B14-4BA5-49EF-B534-FA5E385610A8}.Debug|Any CPU.Build.0 = Debug|Any CPU
		{20072B14-4BA5-49EF-B534-FA5E385610A8}.Release|Any CPU.ActiveCfg = Release|Any CPU
		{20072B14-4BA5-49EF-B534-FA5E385610A8}.Release|Any CPU.Build.0 = Release|Any CPU
	EndGlobalSection
	GlobalSection(SolutionProperties) = preSolution
		HideSolutionNode = FALSE
	EndGlobalSection
	GlobalSection(ExtensibilityGlobals) = postSolution
		SolutionGuid = {12F7205F-84B6-4AA5-A7FB-4749B7B58195}
	EndGlobalSection
EndGlobal
