
Microsoft Visual Studio Solution File, Format Version 12.00
# Visual Studio 15
VisualStudioVersion = 15.0.28307.102
MinimumVisualStudioVersion = 10.0.40219.1
Project("{FAE04EC0-301F-11D3-BF4B-00C04F79EFBC}") = "Epam.Task3.Employee2.5", "Epam.Task3.Employee2.5.csproj", "{61FE20B7-3154-4031-BB5B-EF1900A41B69}"
EndProject
Global
	GlobalSection(SolutionConfigurationPlatforms) = preSolution
		Debug|Any CPU = Debug|Any CPU
		Release|Any CPU = Release|Any CPU
	EndGlobalSection
	GlobalSection(ProjectConfigurationPlatforms) = postSolution
		{61FE20B7-3154-4031-BB5B-EF1900A41B69}.Debug|Any CPU.ActiveCfg = Debug|Any CPU
		{61FE20B7-3154-4031-BB5B-EF1900A41B69}.Debug|Any CPU.Build.0 = Debug|Any CPU
		{61FE20B7-3154-4031-BB5B-EF1900A41B69}.Release|Any CPU.ActiveCfg = Release|Any CPU
		{61FE20B7-3154-4031-BB5B-EF1900A41B69}.Release|Any CPU.Build.0 = Release|Any CPU
	EndGlobalSection
	GlobalSection(SolutionProperties) = preSolution
		HideSolutionNode = FALSE
	EndGlobalSection
	GlobalSection(ExtensibilityGlobals) = postSolution
		SolutionGuid = {E958C87A-9B34-46CF-8ECB-948D1FA88A4F}
	EndGlobalSection
EndGlobal
