
Microsoft Visual Studio Solution File, Format Version 12.00
# Visual Studio 15
VisualStudioVersion = 15.0.28307.102
MinimumVisualStudioVersion = 10.0.40219.1
Project("{FAE04EC0-301F-11D3-BF4B-00C04F79EFBC}") = "Epam.Task2.Rectangle1.1", "Epam.Task2.Rectangle1.1\Epam.Task2.Rectangle1.1.csproj", "{CBD038F2-4DED-4CDD-A17A-1DF520A89F92}"
EndProject
Global
	GlobalSection(SolutionConfigurationPlatforms) = preSolution
		Debug|Any CPU = Debug|Any CPU
		Release|Any CPU = Release|Any CPU
	EndGlobalSection
	GlobalSection(ProjectConfigurationPlatforms) = postSolution
		{CBD038F2-4DED-4CDD-A17A-1DF520A89F92}.Debug|Any CPU.ActiveCfg = Debug|Any CPU
		{CBD038F2-4DED-4CDD-A17A-1DF520A89F92}.Debug|Any CPU.Build.0 = Debug|Any CPU
		{CBD038F2-4DED-4CDD-A17A-1DF520A89F92}.Release|Any CPU.ActiveCfg = Release|Any CPU
		{CBD038F2-4DED-4CDD-A17A-1DF520A89F92}.Release|Any CPU.Build.0 = Release|Any CPU
	EndGlobalSection
	GlobalSection(SolutionProperties) = preSolution
		HideSolutionNode = FALSE
	EndGlobalSection
	GlobalSection(ExtensibilityGlobals) = postSolution
		SolutionGuid = {F209E7F0-1200-4799-92AD-8D9D7B12D8E5}
	EndGlobalSection
EndGlobal
