
Microsoft Visual Studio Solution File, Format Version 12.00
# Visual Studio 15
VisualStudioVersion = 15.0.28307.102
MinimumVisualStudioVersion = 10.0.40219.1
Project("{FAE04EC0-301F-11D3-BF4B-00C04F79EFBC}") = "Epam.Task3.User2.3", "Epam.Task3.User2.3.csproj", "{FAC73832-D2BB-4B26-9D8B-5C170653ED13}"
EndProject
Global
	GlobalSection(SolutionConfigurationPlatforms) = preSolution
		Debug|Any CPU = Debug|Any CPU
		Release|Any CPU = Release|Any CPU
	EndGlobalSection
	GlobalSection(ProjectConfigurationPlatforms) = postSolution
		{FAC73832-D2BB-4B26-9D8B-5C170653ED13}.Debug|Any CPU.ActiveCfg = Debug|Any CPU
		{FAC73832-D2BB-4B26-9D8B-5C170653ED13}.Debug|Any CPU.Build.0 = Debug|Any CPU
		{FAC73832-D2BB-4B26-9D8B-5C170653ED13}.Release|Any CPU.ActiveCfg = Release|Any CPU
		{FAC73832-D2BB-4B26-9D8B-5C170653ED13}.Release|Any CPU.Build.0 = Release|Any CPU
	EndGlobalSection
	GlobalSection(SolutionProperties) = preSolution
		HideSolutionNode = FALSE
	EndGlobalSection
	GlobalSection(ExtensibilityGlobals) = postSolution
		SolutionGuid = {29AA466B-04E8-4414-8BD4-F63898D16955}
	EndGlobalSection
EndGlobal
