
Microsoft Visual Studio Solution File, Format Version 12.00
# Visual Studio 15
VisualStudioVersion = 15.0.28307.102
MinimumVisualStudioVersion = 10.0.40219.1
Project("{FAE04EC0-301F-11D3-BF4B-00C04F79EFBC}") = "Epam.Task2.NoPositive1.8", "Epam.Task2.NoPositive1.8.csproj", "{157A7B81-8305-42F2-AC3D-A97F04676A32}"
EndProject
Global
	GlobalSection(SolutionConfigurationPlatforms) = preSolution
		Debug|Any CPU = Debug|Any CPU
		Release|Any CPU = Release|Any CPU
	EndGlobalSection
	GlobalSection(ProjectConfigurationPlatforms) = postSolution
		{157A7B81-8305-42F2-AC3D-A97F04676A32}.Debug|Any CPU.ActiveCfg = Debug|Any CPU
		{157A7B81-8305-42F2-AC3D-A97F04676A32}.Debug|Any CPU.Build.0 = Debug|Any CPU
		{157A7B81-8305-42F2-AC3D-A97F04676A32}.Release|Any CPU.ActiveCfg = Release|Any CPU
		{157A7B81-8305-42F2-AC3D-A97F04676A32}.Release|Any CPU.Build.0 = Release|Any CPU
	EndGlobalSection
	GlobalSection(SolutionProperties) = preSolution
		HideSolutionNode = FALSE
	EndGlobalSection
	GlobalSection(ExtensibilityGlobals) = postSolution
		SolutionGuid = {78F4618E-E05F-427F-B2EB-9C3F11C7BFBF}
	EndGlobalSection
EndGlobal
