
Microsoft Visual Studio Solution File, Format Version 12.00
# Visual Studio 15
VisualStudioVersion = 15.0.28307.168
MinimumVisualStudioVersion = 10.0.40219.1
Project("{2150E333-8FDC-42A3-9474-1A3956D46DE8}") = "BLL", "BLL", "{3095C0EB-F013-4AD4-9EC9-CF03C4BD51B0}"
EndProject
Project("{2150E333-8FDC-42A3-9474-1A3956D46DE8}") = "PL", "PL", "{B39DABC1-E654-46DC-A64B-84C9A86D04DA}"
EndProject
Project("{2150E333-8FDC-42A3-9474-1A3956D46DE8}") = "DAL", "DAL", "{AC128FEF-2BDD-4ADC-ABBB-5FB49E4A2F64}"
EndProject
Project("{FAE04EC0-301F-11D3-BF4B-00C04F79EFBC}") = "Epam.Task7.BLL", "Epam.Task7.BLL\Epam.Task7.BLL.csproj", "{05C363F5-EE95-4417-996C-0F2977316E3C}"
EndProject
Project("{FAE04EC0-301F-11D3-BF4B-00C04F79EFBC}") = "Epam.Task7.BLL.Interface", "Epam.Task7.BLL.Interface\Epam.Task7.BLL.Interface.csproj", "{F7D6F86C-5DCF-42B6-B951-526587F97AD3}"
EndProject
Project("{FAE04EC0-301F-11D3-BF4B-00C04F79EFBC}") = "Epam.Task7.DAL.Interface", "Epam.Task7.DAL.Interface\Epam.Task7.DAL.Interface.csproj", "{67E9576E-D60C-425A-94B9-88CCF4CA5869}"
EndProject
Project("{FAE04EC0-301F-11D3-BF4B-00C04F79EFBC}") = "Epam.Task7.DAL", "Epam.Task7.DAL\Epam.Task7.DAL.csproj", "{F4B26D46-ABA3-4D2B-91B2-0F21BF7D7807}"
EndProject
Project("{FAE04EC0-301F-11D3-BF4B-00C04F79EFBC}") = "Epam.Task7.PL.Console", "Epam.Task7.PL.Console\Epam.Task7.PL.Console.csproj", "{BABC8D3B-A1F2-4AE5-82CE-863EE3107F8D}"
EndProject
Project("{2150E333-8FDC-42A3-9474-1A3956D46DE8}") = "Common", "Common", "{98A20532-4897-4A21-B347-49CC32D43EAB}"
EndProject
Project("{FAE04EC0-301F-11D3-BF4B-00C04F79EFBC}") = "Epam.Task7.Entities", "Epam.Task7.Entities\Epam.Task7.Entities.csproj", "{1CE2575E-99B1-4E20-BCEE-F42C58AEC3E5}"
EndProject
Project("{FAE04EC0-301F-11D3-BF4B-00C04F79EFBC}") = "Epam.Task7.Common", "Epam.Task7.Common\Epam.Task7.Common.csproj", "{07975036-1E09-4E65-9792-D776A50810E3}"
EndProject
Global
	GlobalSection(SolutionConfigurationPlatforms) = preSolution
		Debug|Any CPU = Debug|Any CPU
		Release|Any CPU = Release|Any CPU
	EndGlobalSection
	GlobalSection(ProjectConfigurationPlatforms) = postSolution
		{05C363F5-EE95-4417-996C-0F2977316E3C}.Debug|Any CPU.ActiveCfg = Debug|Any CPU
		{05C363F5-EE95-4417-996C-0F2977316E3C}.Debug|Any CPU.Build.0 = Debug|Any CPU
		{05C363F5-EE95-4417-996C-0F2977316E3C}.Release|Any CPU.ActiveCfg = Release|Any CPU
		{05C363F5-EE95-4417-996C-0F2977316E3C}.Release|Any CPU.Build.0 = Release|Any CPU
		{F7D6F86C-5DCF-42B6-B951-526587F97AD3}.Debug|Any CPU.ActiveCfg = Debug|Any CPU
		{F7D6F86C-5DCF-42B6-B951-526587F97AD3}.Debug|Any CPU.Build.0 = Debug|Any CPU
		{F7D6F86C-5DCF-42B6-B951-526587F97AD3}.Release|Any CPU.ActiveCfg = Release|Any CPU
		{F7D6F86C-5DCF-42B6-B951-526587F97AD3}.Release|Any CPU.Build.0 = Release|Any CPU
		{67E9576E-D60C-425A-94B9-88CCF4CA5869}.Debug|Any CPU.ActiveCfg = Debug|Any CPU
		{67E9576E-D60C-425A-94B9-88CCF4CA5869}.Debug|Any CPU.Build.0 = Debug|Any CPU
		{67E9576E-D60C-425A-94B9-88CCF4CA5869}.Release|Any CPU.ActiveCfg = Release|Any CPU
		{67E9576E-D60C-425A-94B9-88CCF4CA5869}.Release|Any CPU.Build.0 = Release|Any CPU
		{F4B26D46-ABA3-4D2B-91B2-0F21BF7D7807}.Debug|Any CPU.ActiveCfg = Debug|Any CPU
		{F4B26D46-ABA3-4D2B-91B2-0F21BF7D7807}.Debug|Any CPU.Build.0 = Debug|Any CPU
		{F4B26D46-ABA3-4D2B-91B2-0F21BF7D7807}.Release|Any CPU.ActiveCfg = Release|Any CPU
		{F4B26D46-ABA3-4D2B-91B2-0F21BF7D7807}.Release|Any CPU.Build.0 = Release|Any CPU
		{BABC8D3B-A1F2-4AE5-82CE-863EE3107F8D}.Debug|Any CPU.ActiveCfg = Debug|Any CPU
		{BABC8D3B-A1F2-4AE5-82CE-863EE3107F8D}.Debug|Any CPU.Build.0 = Debug|Any CPU
		{BABC8D3B-A1F2-4AE5-82CE-863EE3107F8D}.Release|Any CPU.ActiveCfg = Release|Any CPU
		{BABC8D3B-A1F2-4AE5-82CE-863EE3107F8D}.Release|Any CPU.Build.0 = Release|Any CPU
		{1CE2575E-99B1-4E20-BCEE-F42C58AEC3E5}.Debug|Any CPU.ActiveCfg = Debug|Any CPU
		{1CE2575E-99B1-4E20-BCEE-F42C58AEC3E5}.Debug|Any CPU.Build.0 = Debug|Any CPU
		{1CE2575E-99B1-4E20-BCEE-F42C58AEC3E5}.Release|Any CPU.ActiveCfg = Release|Any CPU
		{1CE2575E-99B1-4E20-BCEE-F42C58AEC3E5}.Release|Any CPU.Build.0 = Release|Any CPU
		{07975036-1E09-4E65-9792-D776A50810E3}.Debug|Any CPU.ActiveCfg = Debug|Any CPU
		{07975036-1E09-4E65-9792-D776A50810E3}.Debug|Any CPU.Build.0 = Debug|Any CPU
		{07975036-1E09-4E65-9792-D776A50810E3}.Release|Any CPU.ActiveCfg = Release|Any CPU
		{07975036-1E09-4E65-9792-D776A50810E3}.Release|Any CPU.Build.0 = Release|Any CPU
	EndGlobalSection
	GlobalSection(SolutionProperties) = preSolution
		HideSolutionNode = FALSE
	EndGlobalSection
	GlobalSection(NestedProjects) = preSolution
		{05C363F5-EE95-4417-996C-0F2977316E3C} = {3095C0EB-F013-4AD4-9EC9-CF03C4BD51B0}
		{F7D6F86C-5DCF-42B6-B951-526587F97AD3} = {3095C0EB-F013-4AD4-9EC9-CF03C4BD51B0}
		{67E9576E-D60C-425A-94B9-88CCF4CA5869} = {AC128FEF-2BDD-4ADC-ABBB-5FB49E4A2F64}
		{F4B26D46-ABA3-4D2B-91B2-0F21BF7D7807} = {AC128FEF-2BDD-4ADC-ABBB-5FB49E4A2F64}
		{BABC8D3B-A1F2-4AE5-82CE-863EE3107F8D} = {B39DABC1-E654-46DC-A64B-84C9A86D04DA}
		{1CE2575E-99B1-4E20-BCEE-F42C58AEC3E5} = {98A20532-4897-4A21-B347-49CC32D43EAB}
		{07975036-1E09-4E65-9792-D776A50810E3} = {98A20532-4897-4A21-B347-49CC32D43EAB}
	EndGlobalSection
	GlobalSection(ExtensibilityGlobals) = postSolution
		SolutionGuid = {E126C0D9-ADD0-4AE2-AFE0-8E479A201332}
	EndGlobalSection
EndGlobal
