
Microsoft Visual Studio Solution File, Format Version 12.00
# Visual Studio 15
VisualStudioVersion = 15.0.28307.102
MinimumVisualStudioVersion = 10.0.40219.1
Project("{FAE04EC0-301F-11D3-BF4B-00C04F79EFBC}") = "Epam.Task5.CustomSort4.1", "Epam.Task5.CustomSort4.1\Epam.Task5.CustomSort4.1.csproj", "{E7156FCC-FF85-4E54-B72F-BB19B517F35C}"
EndProject
Project("{FAE04EC0-301F-11D3-BF4B-00C04F79EFBC}") = "Epam.Task5.CustomSortDemo4.2", "Epam.Task5.CustomSortDemo4.2\Epam.Task5.CustomSortDemo4.2.csproj", "{C67DBDF8-D70F-4232-87EF-FA5811F03BE6}"
EndProject
Global
	GlobalSection(SolutionConfigurationPlatforms) = preSolution
		Debug|Any CPU = Debug|Any CPU
		Release|Any CPU = Release|Any CPU
	EndGlobalSection
	GlobalSection(ProjectConfigurationPlatforms) = postSolution
		{E7156FCC-FF85-4E54-B72F-BB19B517F35C}.Debug|Any CPU.ActiveCfg = Debug|Any CPU
		{E7156FCC-FF85-4E54-B72F-BB19B517F35C}.Debug|Any CPU.Build.0 = Debug|Any CPU
		{E7156FCC-FF85-4E54-B72F-BB19B517F35C}.Release|Any CPU.ActiveCfg = Release|Any CPU
		{E7156FCC-FF85-4E54-B72F-BB19B517F35C}.Release|Any CPU.Build.0 = Release|Any CPU
		{C67DBDF8-D70F-4232-87EF-FA5811F03BE6}.Debug|Any CPU.ActiveCfg = Debug|Any CPU
		{C67DBDF8-D70F-4232-87EF-FA5811F03BE6}.Debug|Any CPU.Build.0 = Debug|Any CPU
		{C67DBDF8-D70F-4232-87EF-FA5811F03BE6}.Release|Any CPU.ActiveCfg = Release|Any CPU
		{C67DBDF8-D70F-4232-87EF-FA5811F03BE6}.Release|Any CPU.Build.0 = Release|Any CPU
	EndGlobalSection
	GlobalSection(SolutionProperties) = preSolution
		HideSolutionNode = FALSE
	EndGlobalSection
	GlobalSection(ExtensibilityGlobals) = postSolution
		SolutionGuid = {7D273DEE-A111-427C-91A1-CDD963146A16}
	EndGlobalSection
EndGlobal
