
Microsoft Visual Studio Solution File, Format Version 12.00
# Visual Studio 15
VisualStudioVersion = 15.0.28307.102
MinimumVisualStudioVersion = 10.0.40219.1
Project("{FAE04EC0-301F-11D3-BF4B-00C04F79EFBC}") = "Epam.Task5.CustomSort4.1", "Epam.Task5.CustomSort4.1\Epam.Task5.CustomSort4.1.csproj", "{E7156FCC-FF85-4E54-B72F-BB19B517F35C}"
EndProject
Project("{FAE04EC0-301F-11D3-BF4B-00C04F79EFBC}") = "Epam.Task5.CustomSortDemo4.2", "Epam.Task5.CustomSortDemo4.2\Epam.Task5.CustomSortDemo4.2.csproj", "{C67DBDF8-D70F-4232-87EF-FA5811F03BE6}"
EndProject
Project("{FAE04EC0-301F-11D3-BF4B-00C04F79EFBC}") = "Epam.Task5.SprtingUnit4.3", "Epam.Task5.SprtingUnit4.3\Epam.Task5.SprtingUnit4.3.csproj", "{9438622B-EA03-4651-A8E9-ADE4DDF9B2BA}"
EndProject
Project("{FAE04EC0-301F-11D3-BF4B-00C04F79EFBC}") = "Epam.Task5.NumberArraySum4.4", "Epam.Task5.NumberArraySum4.4\Epam.Task5.NumberArraySum4.4.csproj", "{24B839C8-AEBF-45C7-9A4C-6028ED096B2C}"
EndProject
Project("{FAE04EC0-301F-11D3-BF4B-00C04F79EFBC}") = "Epam.Task5.ToIntOrNotToInt4.5", "Epam.Task5.ToIntOrNotToInt4.5\Epam.Task5.ToIntOrNotToInt4.5.csproj", "{626E09E1-8FC9-481F-AA7E-2B2C9DFC098D}"
EndProject
Project("{FAE04EC0-301F-11D3-BF4B-00C04F79EFBC}") = "Epam.Task5.ICQ4.6", "Epam.Task5.ICQ4.6\Epam.Task5.ICQ4.6.csproj", "{419DFE57-FB6F-43B7-853C-96A5E73893E3}"
EndProject
Global
	GlobalSection(SolutionConfigurationPlatforms) = preSolution
		Debug|Any CPU = Debug|Any CPU
		Release|Any CPU = Release|Any CPU
	EndGlobalSection
	GlobalSection(ProjectConfigurationPlatforms) = postSolution
		{E7156FCC-FF85-4E54-B72F-BB19B517F35C}.Debug|Any CPU.ActiveCfg = Debug|Any CPU
		{E7156FCC-FF85-4E54-B72F-BB19B517F35C}.Debug|Any CPU.Build.0 = Debug|Any CPU
		{E7156FCC-FF85-4E54-B72F-BB19B517F35C}.Release|Any CPU.ActiveCfg = Release|Any CPU
		{E7156FCC-FF85-4E54-B72F-BB19B517F35C}.Release|Any CPU.Build.0 = Release|Any CPU
		{C67DBDF8-D70F-4232-87EF-FA5811F03BE6}.Debug|Any CPU.ActiveCfg = Debug|Any CPU
		{C67DBDF8-D70F-4232-87EF-FA5811F03BE6}.Debug|Any CPU.Build.0 = Debug|Any CPU
		{C67DBDF8-D70F-4232-87EF-FA5811F03BE6}.Release|Any CPU.ActiveCfg = Release|Any CPU
		{C67DBDF8-D70F-4232-87EF-FA5811F03BE6}.Release|Any CPU.Build.0 = Release|Any CPU
		{9438622B-EA03-4651-A8E9-ADE4DDF9B2BA}.Debug|Any CPU.ActiveCfg = Debug|Any CPU
		{9438622B-EA03-4651-A8E9-ADE4DDF9B2BA}.Debug|Any CPU.Build.0 = Debug|Any CPU
		{9438622B-EA03-4651-A8E9-ADE4DDF9B2BA}.Release|Any CPU.ActiveCfg = Release|Any CPU
		{9438622B-EA03-4651-A8E9-ADE4DDF9B2BA}.Release|Any CPU.Build.0 = Release|Any CPU
		{24B839C8-AEBF-45C7-9A4C-6028ED096B2C}.Debug|Any CPU.ActiveCfg = Debug|Any CPU
		{24B839C8-AEBF-45C7-9A4C-6028ED096B2C}.Debug|Any CPU.Build.0 = Debug|Any CPU
		{24B839C8-AEBF-45C7-9A4C-6028ED096B2C}.Release|Any CPU.ActiveCfg = Release|Any CPU
		{24B839C8-AEBF-45C7-9A4C-6028ED096B2C}.Release|Any CPU.Build.0 = Release|Any CPU
		{626E09E1-8FC9-481F-AA7E-2B2C9DFC098D}.Debug|Any CPU.ActiveCfg = Debug|Any CPU
		{626E09E1-8FC9-481F-AA7E-2B2C9DFC098D}.Debug|Any CPU.Build.0 = Debug|Any CPU
		{626E09E1-8FC9-481F-AA7E-2B2C9DFC098D}.Release|Any CPU.ActiveCfg = Release|Any CPU
		{626E09E1-8FC9-481F-AA7E-2B2C9DFC098D}.Release|Any CPU.Build.0 = Release|Any CPU
		{419DFE57-FB6F-43B7-853C-96A5E73893E3}.Debug|Any CPU.ActiveCfg = Debug|Any CPU
		{419DFE57-FB6F-43B7-853C-96A5E73893E3}.Debug|Any CPU.Build.0 = Debug|Any CPU
		{419DFE57-FB6F-43B7-853C-96A5E73893E3}.Release|Any CPU.ActiveCfg = Release|Any CPU
		{419DFE57-FB6F-43B7-853C-96A5E73893E3}.Release|Any CPU.Build.0 = Release|Any CPU
	EndGlobalSection
	GlobalSection(SolutionProperties) = preSolution
		HideSolutionNode = FALSE
	EndGlobalSection
	GlobalSection(ExtensibilityGlobals) = postSolution
		SolutionGuid = {7D273DEE-A111-427C-91A1-CDD963146A16}
	EndGlobalSection
EndGlobal
