
Microsoft Visual Studio Solution File, Format Version 12.00
# Visual Studio 15
VisualStudioVersion = 15.0.28307.102
MinimumVisualStudioVersion = 10.0.40219.1
Project("{FAE04EC0-301F-11D3-BF4B-00C04F79EFBC}") = "Epam.Task2.2dArray1.10", "Epam.Task2.2dArray1.10.csproj", "{F1AA0AF3-2411-4BC5-968F-1C84D9057D22}"
EndProject
Global
	GlobalSection(SolutionConfigurationPlatforms) = preSolution
		Debug|Any CPU = Debug|Any CPU
		Release|Any CPU = Release|Any CPU
	EndGlobalSection
	GlobalSection(ProjectConfigurationPlatforms) = postSolution
		{F1AA0AF3-2411-4BC5-968F-1C84D9057D22}.Debug|Any CPU.ActiveCfg = Debug|Any CPU
		{F1AA0AF3-2411-4BC5-968F-1C84D9057D22}.Debug|Any CPU.Build.0 = Debug|Any CPU
		{F1AA0AF3-2411-4BC5-968F-1C84D9057D22}.Release|Any CPU.ActiveCfg = Release|Any CPU
		{F1AA0AF3-2411-4BC5-968F-1C84D9057D22}.Release|Any CPU.Build.0 = Release|Any CPU
	EndGlobalSection
	GlobalSection(SolutionProperties) = preSolution
		HideSolutionNode = FALSE
	EndGlobalSection
	GlobalSection(ExtensibilityGlobals) = postSolution
		SolutionGuid = {CDCB7593-C039-4370-889A-63B79D522889}
	EndGlobalSection
EndGlobal
